# Run ./gradlew writeVersionsLocks to regenerate this file
com.google.errorprone:error_prone_annotations:2.36.0 (1 constraints: 4d0a49bf)
com.google.guava:failureaccess:1.0.3 (1 constraints: 160ae3b4)
com.google.guava:guava:33.4.8-jre (1 constraints: b206a153)
com.google.guava:listenablefuture:9999.0-empty-to-avoid-conflict-with-guava (1 constraints: bd17c918)
com.google.j2objc:j2objc-annotations:3.0.0 (1 constraints: 150aeab4)
org.jspecify:jspecify:1.0.0 (1 constraints: 130ae0b4)

[Test dependencies]
net.bytebuddy:byte-buddy:1.17.5 (2 constraints: c616fe4f)
net.bytebuddy:byte-buddy-agent:1.17.5 (1 constraints: 480b4cde)
org.apiguardian:apiguardian-api:1.1.2 (6 constraints: 5366ce6e)
org.assertj:assertj-core:3.27.3 (1 constraints: 4105513b)
org.junit.jupiter:junit-jupiter:5.13.4 (1 constraints: 7e074077)
org.junit.jupiter:junit-jupiter-api:5.13.4 (5 constraints: 3344eeb9)
org.junit.jupiter:junit-jupiter-engine:5.13.4 (1 constraints: 3a0e0a4a)
org.junit.jupiter:junit-jupiter-params:5.13.4 (2 constraints: 7813555c)
org.junit.platform:junit-platform-commons:1.13.4 (2 constraints: 39219184)
org.junit.platform:junit-platform-engine:1.13.4 (2 constraints: 5123de45)
org.junit.platform:junit-platform-launcher:1.13.4 (1 constraints: 3b05363b)
org.mockito:mockito-core:5.18.0 (2 constraints: 38148e87)
org.mockito:mockito-junit-jupiter:5.18.0 (1 constraints: 4005593b)
org.objenesis:objenesis:3.3 (1 constraints: b20a14bd)
org.opentest4j:opentest4j:1.3.0 (2 constraints: cf209249)
